{
  "object": {
    "pins": [
      {
        "package": "RxFeedback",
        "repositoryURL": "https://github.com/NoTests/RxFeedback.swift.git",
        "state": {
          "branch": null,
          "revision": "cbd500b8dcf1ae72e8c09f26e8f7f5a03268b58d",
          "version": "3.0.0"
        }
      },
      {
        "package": "RxSwift",
        "repositoryURL": "https://github.com/ReactiveX/RxSwift.git",
        "state": {
          "branch": null,
          "revision": "c6c0c540109678b96639c25e9c0ebe4a6d7a69a9",
          "version": "5.0.0"
        }
      }
    ]
  },
  "version": 1
}
